
Microsoft Visual Studio Solution File, Format Version 12.00
# Visual Studio Version 16
VisualStudioVersion = 16.0.30621.155
MinimumVisualStudioVersion = 10.0.40219.1
Project("{FAE04EC0-301F-11D3-BF4B-00C04F79EFBC}") = "DAB3", "DAB3\DAB3.csproj", "{354CD5BB-5F11-481F-ADF0-EB8C9740A04E}"
EndProject
Global
	GlobalSection(SolutionConfigurationPlatforms) = preSolution
		Debug|Any CPU = Debug|Any CPU
		Release|Any CPU = Release|Any CPU
	EndGlobalSection
	GlobalSection(ProjectConfigurationPlatforms) = postSolution
		{354CD5BB-5F11-481F-ADF0-EB8C9740A04E}.Debug|Any CPU.ActiveCfg = Debug|Any CPU
		{354CD5BB-5F11-481F-ADF0-EB8C9740A04E}.Debug|Any CPU.Build.0 = Debug|Any CPU
		{354CD5BB-5F11-481F-ADF0-EB8C9740A04E}.Release|Any CPU.ActiveCfg = Release|Any CPU
		{354CD5BB-5F11-481F-ADF0-EB8C9740A04E}.Release|Any CPU.Build.0 = Release|Any CPU
	EndGlobalSection
	GlobalSection(SolutionProperties) = preSolution
		HideSolutionNode = FALSE
	EndGlobalSection
	GlobalSection(ExtensibilityGlobals) = postSolution
		SolutionGuid = {829DB8C8-C9DA-46C4-BFEC-27A276739589}
	EndGlobalSection
EndGlobal
